
Microsoft Visual Studio Solution File, Format Version 12.00
# Visual Studio Version 16
VisualStudioVersion = 16.0.30804.86
MinimumVisualStudioVersion = 10.0.40219.1
Project("{2150E333-8FDC-42A3-9474-1A3956D46DE8}") = "0 - Api", "0 - Api", "{B7C35D28-FF7B-4093-8C88-1969426BCF2B}"
EndProject
Project("{2150E333-8FDC-42A3-9474-1A3956D46DE8}") = "2 - Domain", "2 - Domain", "{64774B3A-569A-495A-968E-3ADE55DFE312}"
EndProject
Project("{2150E333-8FDC-42A3-9474-1A3956D46DE8}") = "3 - Infra", "3 - Infra", "{74B5841C-48AF-4245-98D1-0477747F6DF1}"
EndProject
Project("{2150E333-8FDC-42A3-9474-1A3956D46DE8}") = "3.1 - Data", "3.1 - Data", "{F86D4012-9E1D-4C66-84F2-B90CC9240B13}"
EndProject
Project("{2150E333-8FDC-42A3-9474-1A3956D46DE8}") = "3.2 - CrossCutting", "3.2 - CrossCutting", "{81CBF705-E05A-4D7D-BD95-97520ADEC42F}"
EndProject
Project("{2150E333-8FDC-42A3-9474-1A3956D46DE8}") = "1 - Application", "1 - Application", "{FF153479-2B1F-4353-A0FE-783D59FEB193}"
EndProject
Project("{9A19103F-16F7-4668-BE54-9A1E7A4F7556}") = "AdventureWork.Domain", "AdventureWork.Domain\AdventureWork.Domain.csproj", "{19842E1C-7D05-46B0-8FD9-03387A0B7D16}"
EndProject
Project("{9A19103F-16F7-4668-BE54-9A1E7A4F7556}") = "AdventureWork.Infra.Data", "AdventureWork.Infra.Data\AdventureWork.Infra.Data.csproj", "{865CD3CA-0A7B-4526-B1F8-C24EFE75A6B1}"
EndProject
Project("{9A19103F-16F7-4668-BE54-9A1E7A4F7556}") = "AdventureWork.Application", "AdventureWork.Application\AdventureWork.Application.csproj", "{089032AA-56D7-4D3F-9012-9DADA32CC37F}"
EndProject
Project("{9A19103F-16F7-4668-BE54-9A1E7A4F7556}") = "AdventureWork.Api", "AdventureWork.Api\AdventureWork.Api.csproj", "{28CE7D18-2678-4276-AA81-10AEE362277F}"
EndProject
Project("{FAE04EC0-301F-11D3-BF4B-00C04F79EFBC}") = "AdventureWork.Infra.CrossCutting.MiddlewareFilterNotification", "AdventureWork.Infra.CrossCutting.MiddlewareFilterNotification\AdventureWork.Infra.CrossCutting.MiddlewareFilterNotification.csproj", "{BDB68562-CCF8-4D07-982E-CA727BC4AA95}"
EndProject
Project("{FAE04EC0-301F-11D3-BF4B-00C04F79EFBC}") = "AdventureWork.Infra.CrossCutting.IoC", "AdventureWork.Infra.CrossCutting.IoC\AdventureWork.Infra.CrossCutting.IoC.csproj", "{9D643EAC-C191-4440-8987-DBEB10E05496}"
EndProject
Global
	GlobalSection(SolutionConfigurationPlatforms) = preSolution
		Debug|Any CPU = Debug|Any CPU
		Release|Any CPU = Release|Any CPU
	EndGlobalSection
	GlobalSection(ProjectConfigurationPlatforms) = postSolution
		{19842E1C-7D05-46B0-8FD9-03387A0B7D16}.Debug|Any CPU.ActiveCfg = Debug|Any CPU
		{19842E1C-7D05-46B0-8FD9-03387A0B7D16}.Debug|Any CPU.Build.0 = Debug|Any CPU
		{19842E1C-7D05-46B0-8FD9-03387A0B7D16}.Release|Any CPU.ActiveCfg = Release|Any CPU
		{19842E1C-7D05-46B0-8FD9-03387A0B7D16}.Release|Any CPU.Build.0 = Release|Any CPU
		{865CD3CA-0A7B-4526-B1F8-C24EFE75A6B1}.Debug|Any CPU.ActiveCfg = Debug|Any CPU
		{865CD3CA-0A7B-4526-B1F8-C24EFE75A6B1}.Debug|Any CPU.Build.0 = Debug|Any CPU
		{865CD3CA-0A7B-4526-B1F8-C24EFE75A6B1}.Release|Any CPU.ActiveCfg = Release|Any CPU
		{865CD3CA-0A7B-4526-B1F8-C24EFE75A6B1}.Release|Any CPU.Build.0 = Release|Any CPU
		{089032AA-56D7-4D3F-9012-9DADA32CC37F}.Debug|Any CPU.ActiveCfg = Debug|Any CPU
		{089032AA-56D7-4D3F-9012-9DADA32CC37F}.Debug|Any CPU.Build.0 = Debug|Any CPU
		{089032AA-56D7-4D3F-9012-9DADA32CC37F}.Release|Any CPU.ActiveCfg = Release|Any CPU
		{089032AA-56D7-4D3F-9012-9DADA32CC37F}.Release|Any CPU.Build.0 = Release|Any CPU
		{28CE7D18-2678-4276-AA81-10AEE362277F}.Debug|Any CPU.ActiveCfg = Debug|Any CPU
		{28CE7D18-2678-4276-AA81-10AEE362277F}.Debug|Any CPU.Build.0 = Debug|Any CPU
		{28CE7D18-2678-4276-AA81-10AEE362277F}.Release|Any CPU.ActiveCfg = Release|Any CPU
		{28CE7D18-2678-4276-AA81-10AEE362277F}.Release|Any CPU.Build.0 = Release|Any CPU
		{BDB68562-CCF8-4D07-982E-CA727BC4AA95}.Debug|Any CPU.ActiveCfg = Debug|Any CPU
		{BDB68562-CCF8-4D07-982E-CA727BC4AA95}.Debug|Any CPU.Build.0 = Debug|Any CPU
		{BDB68562-CCF8-4D07-982E-CA727BC4AA95}.Release|Any CPU.ActiveCfg = Release|Any CPU
		{BDB68562-CCF8-4D07-982E-CA727BC4AA95}.Release|Any CPU.Build.0 = Release|Any CPU
		{9D643EAC-C191-4440-8987-DBEB10E05496}.Debug|Any CPU.ActiveCfg = Debug|Any CPU
		{9D643EAC-C191-4440-8987-DBEB10E05496}.Debug|Any CPU.Build.0 = Debug|Any CPU
		{9D643EAC-C191-4440-8987-DBEB10E05496}.Release|Any CPU.ActiveCfg = Release|Any CPU
		{9D643EAC-C191-4440-8987-DBEB10E05496}.Release|Any CPU.Build.0 = Release|Any CPU
	EndGlobalSection
	GlobalSection(SolutionProperties) = preSolution
		HideSolutionNode = FALSE
	EndGlobalSection
	GlobalSection(NestedProjects) = preSolution
		{F86D4012-9E1D-4C66-84F2-B90CC9240B13} = {74B5841C-48AF-4245-98D1-0477747F6DF1}
		{81CBF705-E05A-4D7D-BD95-97520ADEC42F} = {74B5841C-48AF-4245-98D1-0477747F6DF1}
		{19842E1C-7D05-46B0-8FD9-03387A0B7D16} = {64774B3A-569A-495A-968E-3ADE55DFE312}
		{865CD3CA-0A7B-4526-B1F8-C24EFE75A6B1} = {F86D4012-9E1D-4C66-84F2-B90CC9240B13}
		{089032AA-56D7-4D3F-9012-9DADA32CC37F} = {FF153479-2B1F-4353-A0FE-783D59FEB193}
		{28CE7D18-2678-4276-AA81-10AEE362277F} = {B7C35D28-FF7B-4093-8C88-1969426BCF2B}
		{BDB68562-CCF8-4D07-982E-CA727BC4AA95} = {81CBF705-E05A-4D7D-BD95-97520ADEC42F}
		{9D643EAC-C191-4440-8987-DBEB10E05496} = {81CBF705-E05A-4D7D-BD95-97520ADEC42F}
	EndGlobalSection
	GlobalSection(ExtensibilityGlobals) = postSolution
		SolutionGuid = {4C8582DD-EFD6-456C-B49C-AF84E09CAF1D}
	EndGlobalSection
EndGlobal
